<Solution>
  <Folder Name="/Solution Items/">
    <File Path=".editorconfig" />
    <File Path=".gitattributes" />
    <File Path=".gitignore" />
    <File Path="AGENTS.md" />
    <File Path="Analyzers.ruleset" />
    <File Path="Directory.Build.props" />
    <File Path="Directory.Build.targets" />
    <File Path="LICENSE" />
    <File Path="Monitor.sln.DotSettings" />
    <File Path="README.md" />
  </Folder>
  <Folder Name="/src/">
    <Project Path="src/Monitor.Agent/Monitor.Agent.csproj" />
    <Project Path="src/Monitor.Contracts/Monitor.Contracts.csproj" />
    <Project Path="src/Monitor.Core/Monitor.Core.csproj" />
    <Project Path="src/Monitor.Web/Monitor.Web.csproj" />
  </Folder>
</Solution>
